// !$*UTF8*$!
{
	archiveVersion = 1;
	classes = {
	};
	objectVersion = 55;
	objects = {

/* Begin PBXBuildFile section */
		8B6CC7BD912F674C2D4A9433 /* Pods_NEXT.framework in Frameworks */ = {isa = PBXBuildFile; fileRef = 796FCEF2058E4702463EC5EF /* Pods_NEXT.framework */; };
		CD3A00C227C5386000B5DEB8 /* AppDelegate.swift in Sources */ = {isa = PBXBuildFile; fileRef = CD3A00C127C5386000B5DEB8 /* AppDelegate.swift */; };
		CD3A00C427C5386000B5DEB8 /* SceneDelegate.swift in Sources */ = {isa = PBXBuildFile; fileRef = CD3A00C327C5386000B5DEB8 /* SceneDelegate.swift */; };
		CD3A00C627C5386000B5DEB8 /* ListMoviesViewController.swift in Sources */ = {isa = PBXBuildFile; fileRef = CD3A00C527C5386000B5DEB8 /* ListMoviesViewController.swift */; };
		CD3A00C927C5386000B5DEB8 /* Main.storyboard in Resources */ = {isa = PBXBuildFile; fileRef = CD3A00C727C5386000B5DEB8 /* Main.storyboard */; };
		CD3A00CB27C5386200B5DEB8 /* Assets.xcassets in Resources */ = {isa = PBXBuildFile; fileRef = CD3A00CA27C5386200B5DEB8 /* Assets.xcassets */; };
		CD3A00CE27C5386200B5DEB8 /* LaunchScreen.storyboard in Resources */ = {isa = PBXBuildFile; fileRef = CD3A00CC27C5386200B5DEB8 /* LaunchScreen.storyboard */; };
		CD3A00D927C5386200B5DEB8 /* NEXTTests.swift in Sources */ = {isa = PBXBuildFile; fileRef = CD3A00D827C5386200B5DEB8 /* NEXTTests.swift */; };
		CD3A00E327C5386200B5DEB8 /* NEXTUITests.swift in Sources */ = {isa = PBXBuildFile; fileRef = CD3A00E227C5386200B5DEB8 /* NEXTUITests.swift */; };
		CD3A00E527C5386200B5DEB8 /* NEXTUITestsLaunchTests.swift in Sources */ = {isa = PBXBuildFile; fileRef = CD3A00E427C5386200B5DEB8 /* NEXTUITestsLaunchTests.swift */; };
		CD3A00F227C5390600B5DEB8 /* Coordinator.swift in Sources */ = {isa = PBXBuildFile; fileRef = CD3A00F127C5390600B5DEB8 /* Coordinator.swift */; };
		CD3A00F427C5391700B5DEB8 /* NavigatorType.swift in Sources */ = {isa = PBXBuildFile; fileRef = CD3A00F327C5391700B5DEB8 /* NavigatorType.swift */; };
		CD3A00F627C53A7600B5DEB8 /* MainCoordinator.swift in Sources */ = {isa = PBXBuildFile; fileRef = CD3A00F527C53A7600B5DEB8 /* MainCoordinator.swift */; };
		CD3A00F827C53B6700B5DEB8 /* Navigator.swift in Sources */ = {isa = PBXBuildFile; fileRef = CD3A00F727C53B6700B5DEB8 /* Navigator.swift */; };
		CD3A00FA27C53ECB00B5DEB8 /* UIAssembly.swift in Sources */ = {isa = PBXBuildFile; fileRef = CD3A00F927C53ECB00B5DEB8 /* UIAssembly.swift */; };
		CD3A00FE27C540E900B5DEB8 /* CoordinatorAssembly.swift in Sources */ = {isa = PBXBuildFile; fileRef = CD3A00FD27C540E900B5DEB8 /* CoordinatorAssembly.swift */; };
		CD3A010027C5419A00B5DEB8 /* NavigatorAssembly.swift in Sources */ = {isa = PBXBuildFile; fileRef = CD3A00FF27C5419A00B5DEB8 /* NavigatorAssembly.swift */; };
		CDB9DA4D27C67B44003121AB /* MainCoordinatorType.swift in Sources */ = {isa = PBXBuildFile; fileRef = CDB9DA4C27C67B44003121AB /* MainCoordinatorType.swift */; };
		CDB9DA5127C79E7C003121AB /* ListMoviesAction.swift in Sources */ = {isa = PBXBuildFile; fileRef = CDB9DA5027C79E7C003121AB /* ListMoviesAction.swift */; };
		CDB9DA5327C7B011003121AB /* ListMoviesStore.swift in Sources */ = {isa = PBXBuildFile; fileRef = CDB9DA5227C7B011003121AB /* ListMoviesStore.swift */; };
		CDB9DA5527C7B15B003121AB /* ListMoviesDispatcher.swift in Sources */ = {isa = PBXBuildFile; fileRef = CDB9DA5427C7B15B003121AB /* ListMoviesDispatcher.swift */; };
		CDB9DA5727CCCC43003121AB /* ListMoviesViewModel.swift in Sources */ = {isa = PBXBuildFile; fileRef = CDB9DA5627CCCC43003121AB /* ListMoviesViewModel.swift */; };
		CDB9DA5D27CCE36A003121AB /* MovieTVCell.swift in Sources */ = {isa = PBXBuildFile; fileRef = CDB9DA5B27CCE36A003121AB /* MovieTVCell.swift */; };
		CDB9DA5E27CCE36A003121AB /* MovieTVCell.xib in Resources */ = {isa = PBXBuildFile; fileRef = CDB9DA5C27CCE36A003121AB /* MovieTVCell.xib */; };
		CDB9DA8327CD0BD5003121AB /* NetworkConfig.swift in Sources */ = {isa = PBXBuildFile; fileRef = CDB9DA6827CD0BD5003121AB /* NetworkConfig.swift */; };
		CDB9DA8427CD0BD5003121AB /* UserAPI.swift in Sources */ = {isa = PBXBuildFile; fileRef = CDB9DA6A27CD0BD5003121AB /* UserAPI.swift */; };
		CDB9DA8527CD0BD6003121AB /* BaseTargetType.swift in Sources */ = {isa = PBXBuildFile; fileRef = CDB9DA6C27CD0BD5003121AB /* BaseTargetType.swift */; };
		CDB9DA8627CD0BD6003121AB /* DecodableTargetType.swift in Sources */ = {isa = PBXBuildFile; fileRef = CDB9DA6D27CD0BD5003121AB /* DecodableTargetType.swift */; };
		CDB9DA8727CD0BD6003121AB /* StubbedTargetType.swift in Sources */ = {isa = PBXBuildFile; fileRef = CDB9DA6E27CD0BD5003121AB /* StubbedTargetType.swift */; };
		CDB9DA8827CD0BD6003121AB /* StubbedResponse.swift in Sources */ = {isa = PBXBuildFile; fileRef = CDB9DA6F27CD0BD5003121AB /* StubbedResponse.swift */; };
		CDB9DA8927CD0BD6003121AB /* TargetType+BaseURL.swift in Sources */ = {isa = PBXBuildFile; fileRef = CDB9DA7027CD0BD5003121AB /* TargetType+BaseURL.swift */; };
		CDB9DA8A27CD0BD6003121AB /* MultiMoyaProvider.swift in Sources */ = {isa = PBXBuildFile; fileRef = CDB9DA7227CD0BD5003121AB /* MultiMoyaProvider.swift */; };
		CDB9DA8B27CD0BD6003121AB /* Observable+Codable.swift in Sources */ = {isa = PBXBuildFile; fileRef = CDB9DA7327CD0BD5003121AB /* Observable+Codable.swift */; };
		CDB9DA8C27CD0BD6003121AB /* Response+Codable.swift in Sources */ = {isa = PBXBuildFile; fileRef = CDB9DA7427CD0BD5003121AB /* Response+Codable.swift */; };
		CDB9DA8D27CD0BD6003121AB /* Observable+HandleError.swift in Sources */ = {isa = PBXBuildFile; fileRef = CDB9DA7527CD0BD5003121AB /* Observable+HandleError.swift */; };
		CDB9DA9027CD0BD6003121AB /* ErrorModel.swift in Sources */ = {isa = PBXBuildFile; fileRef = CDB9DA7927CD0BD5003121AB /* ErrorModel.swift */; };
		CDB9DA9127CD0BD6003121AB /* AuthPlugin.swift in Sources */ = {isa = PBXBuildFile; fileRef = CDB9DA7B27CD0BD5003121AB /* AuthPlugin.swift */; };
		CDB9DA9227CD0BD6003121AB /* SessionManager.swift in Sources */ = {isa = PBXBuildFile; fileRef = CDB9DA7C27CD0BD5003121AB /* SessionManager.swift */; };
		CDB9DA9627CD0BD6003121AB /* NetworkDataManager.swift in Sources */ = {isa = PBXBuildFile; fileRef = CDB9DA8127CD0BD5003121AB /* NetworkDataManager.swift */; };
		CDB9DA9727CD0BD6003121AB /* NetworkManager.swift in Sources */ = {isa = PBXBuildFile; fileRef = CDB9DA8227CD0BD5003121AB /* NetworkManager.swift */; };
		CDB9DA9C27CD0C40003121AB /* Environment.swift in Sources */ = {isa = PBXBuildFile; fileRef = CDB9DA9A27CD0C40003121AB /* Environment.swift */; };
		CDB9DA9D27CD0C40003121AB /* Config.swift in Sources */ = {isa = PBXBuildFile; fileRef = CDB9DA9B27CD0C40003121AB /* Config.swift */; };
		CDB9DAA427CD0C88003121AB /* DateFormat.swift in Sources */ = {isa = PBXBuildFile; fileRef = CDB9DA9F27CD0C88003121AB /* DateFormat.swift */; };
		CDB9DAA527CD0C88003121AB /* FirstStartHelper.swift in Sources */ = {isa = PBXBuildFile; fileRef = CDB9DAA027CD0C88003121AB /* FirstStartHelper.swift */; };
		CDB9DAA627CD0C88003121AB /* DateFormatterExtension.swift in Sources */ = {isa = PBXBuildFile; fileRef = CDB9DAA127CD0C88003121AB /* DateFormatterExtension.swift */; };
		CDB9DAA727CD0C88003121AB /* DateHelper.swift in Sources */ = {isa = PBXBuildFile; fileRef = CDB9DAA227CD0C88003121AB /* DateHelper.swift */; };
		CDB9DAA827CD0C88003121AB /* StringHelper.swift in Sources */ = {isa = PBXBuildFile; fileRef = CDB9DAA327CD0C88003121AB /* StringHelper.swift */; };
		CDB9DAB127CD0CE2003121AB /* ActivityIndicator.swift in Sources */ = {isa = PBXBuildFile; fileRef = CDB9DAAC27CD0CE2003121AB /* ActivityIndicator.swift */; };
		CDB9DAB227CD0CE2003121AB /* ErrorDialog.swift in Sources */ = {isa = PBXBuildFile; fileRef = CDB9DAAD27CD0CE2003121AB /* ErrorDialog.swift */; };
		CDB9DABE27CD0D33003121AB /* UIViewControllerExtension.swift in Sources */ = {isa = PBXBuildFile; fileRef = CDB9DAB527CD0D33003121AB /* UIViewControllerExtension.swift */; };
		CDB9DABF27CD0D33003121AB /* SequenceExtension.swift in Sources */ = {isa = PBXBuildFile; fileRef = CDB9DAB627CD0D33003121AB /* SequenceExtension.swift */; };
		CDB9DAC027CD0D33003121AB /* KVCExtension.swift in Sources */ = {isa = PBXBuildFile; fileRef = CDB9DAB727CD0D33003121AB /* KVCExtension.swift */; };
		CDB9DAC127CD0D33003121AB /* BoolExtension.swift in Sources */ = {isa = PBXBuildFile; fileRef = CDB9DAB827CD0D33003121AB /* BoolExtension.swift */; };
		CDB9DAC227CD0D33003121AB /* UINavigationControllerExtension.swift in Sources */ = {isa = PBXBuildFile; fileRef = CDB9DAB927CD0D33003121AB /* UINavigationControllerExtension.swift */; };
		CDB9DAC327CD0D33003121AB /* StringExtension.swift in Sources */ = {isa = PBXBuildFile; fileRef = CDB9DABA27CD0D33003121AB /* StringExtension.swift */; };
		CDB9DAC427CD0D33003121AB /* UIWindowExtension.swift in Sources */ = {isa = PBXBuildFile; fileRef = CDB9DABB27CD0D33003121AB /* UIWindowExtension.swift */; };
		CDB9DAC527CD0D33003121AB /* CodableExtension.swift in Sources */ = {isa = PBXBuildFile; fileRef = CDB9DABC27CD0D33003121AB /* CodableExtension.swift */; };
		CDB9DAC627CD0D33003121AB /* DateExtension.swift in Sources */ = {isa = PBXBuildFile; fileRef = CDB9DABD27CD0D33003121AB /* DateExtension.swift */; };
		CDB9DAC827CD2581003121AB /* ListMoviesState.swift in Sources */ = {isa = PBXBuildFile; fileRef = CDB9DAC727CD2581003121AB /* ListMoviesState.swift */; };
		CDB9DACB27CD2AB3003121AB /* MovieDetailsViewController.swift in Sources */ = {isa = PBXBuildFile; fileRef = CDB9DACA27CD2AB3003121AB /* MovieDetailsViewController.swift */; };
		CDB9DACE27CD4BC9003121AB /* Movie.swift in Sources */ = {isa = PBXBuildFile; fileRef = CDB9DACD27CD4BC9003121AB /* Movie.swift */; };
		DF6D807FDCE850DCBF2A3100 /* Pods_NEXT_NEXTUITests.framework in Frameworks */ = {isa = PBXBuildFile; fileRef = 7FA17AC33763C091242E87C3 /* Pods_NEXT_NEXTUITests.framework */; };
		FCBAAA34F1C81230DA78C3C3 /* Pods_NEXTTests.framework in Frameworks */ = {isa = PBXBuildFile; fileRef = BEDEBF5FF9FA35916BE91AD9 /* Pods_NEXTTests.framework */; };
/* End PBXBuildFile section */

/* Begin PBXContainerItemProxy section */
		CD3A00D527C5386200B5DEB8 /* PBXContainerItemProxy */ = {
			isa = PBXContainerItemProxy;
			containerPortal = CD3A00B627C5386000B5DEB8 /* Project object */;
			proxyType = 1;
			remoteGlobalIDString = CD3A00BD27C5386000B5DEB8;
			remoteInfo = NEXT;
		};
		CD3A00DF27C5386200B5DEB8 /* PBXContainerItemProxy */ = {
			isa = PBXContainerItemProxy;
			containerPortal = CD3A00B627C5386000B5DEB8 /* Project object */;
			proxyType = 1;
			remoteGlobalIDString = CD3A00BD27C5386000B5DEB8;
			remoteInfo = NEXT;
		};
/* End PBXContainerItemProxy section */

/* Begin PBXFileReference section */
		250C4BD0D5D3C55B28D834C2 /* Pods-NEXTTests.release.xcconfig */ = {isa = PBXFileReference; includeInIndex = 1; lastKnownFileType = text.xcconfig; name = "Pods-NEXTTests.release.xcconfig"; path = "Target Support Files/Pods-NEXTTests/Pods-NEXTTests.release.xcconfig"; sourceTree = "<group>"; };
		4E723C435AF7DFDDF7519E76 /* Pods-NEXT-NEXTUITests.debug.xcconfig */ = {isa = PBXFileReference; includeInIndex = 1; lastKnownFileType = text.xcconfig; name = "Pods-NEXT-NEXTUITests.debug.xcconfig"; path = "Target Support Files/Pods-NEXT-NEXTUITests/Pods-NEXT-NEXTUITests.debug.xcconfig"; sourceTree = "<group>"; };
		796FCEF2058E4702463EC5EF /* Pods_NEXT.framework */ = {isa = PBXFileReference; explicitFileType = wrapper.framework; includeInIndex = 0; path = Pods_NEXT.framework; sourceTree = BUILT_PRODUCTS_DIR; };
		7FA17AC33763C091242E87C3 /* Pods_NEXT_NEXTUITests.framework */ = {isa = PBXFileReference; explicitFileType = wrapper.framework; includeInIndex = 0; path = Pods_NEXT_NEXTUITests.framework; sourceTree = BUILT_PRODUCTS_DIR; };
		98A1B55E78C843E76F37FCEC /* Pods-NEXT.release.xcconfig */ = {isa = PBXFileReference; includeInIndex = 1; lastKnownFileType = text.xcconfig; name = "Pods-NEXT.release.xcconfig"; path = "Target Support Files/Pods-NEXT/Pods-NEXT.release.xcconfig"; sourceTree = "<group>"; };
		9D5F147A28A7BB3D49102C1D /* Pods-NEXT.debug.xcconfig */ = {isa = PBXFileReference; includeInIndex = 1; lastKnownFileType = text.xcconfig; name = "Pods-NEXT.debug.xcconfig"; path = "Target Support Files/Pods-NEXT/Pods-NEXT.debug.xcconfig"; sourceTree = "<group>"; };
		AC7ECB965E1CEF200C84A416 /* Pods-NEXTTests.debug.xcconfig */ = {isa = PBXFileReference; includeInIndex = 1; lastKnownFileType = text.xcconfig; name = "Pods-NEXTTests.debug.xcconfig"; path = "Target Support Files/Pods-NEXTTests/Pods-NEXTTests.debug.xcconfig"; sourceTree = "<group>"; };
		BEDEBF5FF9FA35916BE91AD9 /* Pods_NEXTTests.framework */ = {isa = PBXFileReference; explicitFileType = wrapper.framework; includeInIndex = 0; path = Pods_NEXTTests.framework; sourceTree = BUILT_PRODUCTS_DIR; };
		CD3A00BE27C5386000B5DEB8 /* NEXT.app */ = {isa = PBXFileReference; explicitFileType = wrapper.application; includeInIndex = 0; path = NEXT.app; sourceTree = BUILT_PRODUCTS_DIR; };
		CD3A00C127C5386000B5DEB8 /* AppDelegate.swift */ = {isa = PBXFileReference; lastKnownFileType = sourcecode.swift; path = AppDelegate.swift; sourceTree = "<group>"; };
		CD3A00C327C5386000B5DEB8 /* SceneDelegate.swift */ = {isa = PBXFileReference; lastKnownFileType = sourcecode.swift; path = SceneDelegate.swift; sourceTree = "<group>"; };
		CD3A00C527C5386000B5DEB8 /* ListMoviesViewController.swift */ = {isa = PBXFileReference; lastKnownFileType = sourcecode.swift; path = ListMoviesViewController.swift; sourceTree = "<group>"; };
		CD3A00C827C5386000B5DEB8 /* Base */ = {isa = PBXFileReference; lastKnownFileType = file.storyboard; name = Base; path = Base.lproj/Main.storyboard; sourceTree = "<group>"; };
		CD3A00CA27C5386200B5DEB8 /* Assets.xcassets */ = {isa = PBXFileReference; lastKnownFileType = folder.assetcatalog; path = Assets.xcassets; sourceTree = "<group>"; };
		CD3A00CD27C5386200B5DEB8 /* Base */ = {isa = PBXFileReference; lastKnownFileType = file.storyboard; name = Base; path = Base.lproj/LaunchScreen.storyboard; sourceTree = "<group>"; };
		CD3A00CF27C5386200B5DEB8 /* Info.plist */ = {isa = PBXFileReference; lastKnownFileType = text.plist.xml; path = Info.plist; sourceTree = "<group>"; };
		CD3A00D427C5386200B5DEB8 /* NEXTTests.xctest */ = {isa = PBXFileReference; explicitFileType = wrapper.cfbundle; includeInIndex = 0; path = NEXTTests.xctest; sourceTree = BUILT_PRODUCTS_DIR; };
		CD3A00D827C5386200B5DEB8 /* NEXTTests.swift */ = {isa = PBXFileReference; lastKnownFileType = sourcecode.swift; path = NEXTTests.swift; sourceTree = "<group>"; };
		CD3A00DE27C5386200B5DEB8 /* NEXTUITests.xctest */ = {isa = PBXFileReference; explicitFileType = wrapper.cfbundle; includeInIndex = 0; path = NEXTUITests.xctest; sourceTree = BUILT_PRODUCTS_DIR; };
		CD3A00E227C5386200B5DEB8 /* NEXTUITests.swift */ = {isa = PBXFileReference; lastKnownFileType = sourcecode.swift; path = NEXTUITests.swift; sourceTree = "<group>"; };
		CD3A00E427C5386200B5DEB8 /* NEXTUITestsLaunchTests.swift */ = {isa = PBXFileReference; lastKnownFileType = sourcecode.swift; path = NEXTUITestsLaunchTests.swift; sourceTree = "<group>"; };
		CD3A00F127C5390600B5DEB8 /* Coordinator.swift */ = {isa = PBXFileReference; lastKnownFileType = sourcecode.swift; path = Coordinator.swift; sourceTree = "<group>"; };
		CD3A00F327C5391700B5DEB8 /* NavigatorType.swift */ = {isa = PBXFileReference; lastKnownFileType = sourcecode.swift; path = NavigatorType.swift; sourceTree = "<group>"; };
		CD3A00F527C53A7600B5DEB8 /* MainCoordinator.swift */ = {isa = PBXFileReference; lastKnownFileType = sourcecode.swift; path = MainCoordinator.swift; sourceTree = "<group>"; };
		CD3A00F727C53B6700B5DEB8 /* Navigator.swift */ = {isa = PBXFileReference; lastKnownFileType = sourcecode.swift; path = Navigator.swift; sourceTree = "<group>"; };
		CD3A00F927C53ECB00B5DEB8 /* UIAssembly.swift */ = {isa = PBXFileReference; lastKnownFileType = sourcecode.swift; path = UIAssembly.swift; sourceTree = "<group>"; };
		CD3A00FD27C540E900B5DEB8 /* CoordinatorAssembly.swift */ = {isa = PBXFileReference; lastKnownFileType = sourcecode.swift; path = CoordinatorAssembly.swift; sourceTree = "<group>"; };
		CD3A00FF27C5419A00B5DEB8 /* NavigatorAssembly.swift */ = {isa = PBXFileReference; lastKnownFileType = sourcecode.swift; path = NavigatorAssembly.swift; sourceTree = "<group>"; };
		CDB9DA4C27C67B44003121AB /* MainCoordinatorType.swift */ = {isa = PBXFileReference; lastKnownFileType = sourcecode.swift; path = MainCoordinatorType.swift; sourceTree = "<group>"; };
		CDB9DA5027C79E7C003121AB /* ListMoviesAction.swift */ = {isa = PBXFileReference; lastKnownFileType = sourcecode.swift; path = ListMoviesAction.swift; sourceTree = "<group>"; };
		CDB9DA5227C7B011003121AB /* ListMoviesStore.swift */ = {isa = PBXFileReference; lastKnownFileType = sourcecode.swift; path = ListMoviesStore.swift; sourceTree = "<group>"; };
		CDB9DA5427C7B15B003121AB /* ListMoviesDispatcher.swift */ = {isa = PBXFileReference; lastKnownFileType = sourcecode.swift; path = ListMoviesDispatcher.swift; sourceTree = "<group>"; };
		CDB9DA5627CCCC43003121AB /* ListMoviesViewModel.swift */ = {isa = PBXFileReference; lastKnownFileType = sourcecode.swift; path = ListMoviesViewModel.swift; sourceTree = "<group>"; };
		CDB9DA5B27CCE36A003121AB /* MovieTVCell.swift */ = {isa = PBXFileReference; lastKnownFileType = sourcecode.swift; path = MovieTVCell.swift; sourceTree = "<group>"; };
		CDB9DA5C27CCE36A003121AB /* MovieTVCell.xib */ = {isa = PBXFileReference; lastKnownFileType = file.xib; path = MovieTVCell.xib; sourceTree = "<group>"; };
		CDB9DA6827CD0BD5003121AB /* NetworkConfig.swift */ = {isa = PBXFileReference; fileEncoding = 4; lastKnownFileType = sourcecode.swift; path = NetworkConfig.swift; sourceTree = "<group>"; };
		CDB9DA6A27CD0BD5003121AB /* UserAPI.swift */ = {isa = PBXFileReference; fileEncoding = 4; lastKnownFileType = sourcecode.swift; path = UserAPI.swift; sourceTree = "<group>"; };
		CDB9DA6C27CD0BD5003121AB /* BaseTargetType.swift */ = {isa = PBXFileReference; fileEncoding = 4; lastKnownFileType = sourcecode.swift; path = BaseTargetType.swift; sourceTree = "<group>"; };
		CDB9DA6D27CD0BD5003121AB /* DecodableTargetType.swift */ = {isa = PBXFileReference; fileEncoding = 4; lastKnownFileType = sourcecode.swift; path = DecodableTargetType.swift; sourceTree = "<group>"; };
		CDB9DA6E27CD0BD5003121AB /* StubbedTargetType.swift */ = {isa = PBXFileReference; fileEncoding = 4; lastKnownFileType = sourcecode.swift; path = StubbedTargetType.swift; sourceTree = "<group>"; };
		CDB9DA6F27CD0BD5003121AB /* StubbedResponse.swift */ = {isa = PBXFileReference; fileEncoding = 4; lastKnownFileType = sourcecode.swift; path = StubbedResponse.swift; sourceTree = "<group>"; };
		CDB9DA7027CD0BD5003121AB /* TargetType+BaseURL.swift */ = {isa = PBXFileReference; fileEncoding = 4; lastKnownFileType = sourcecode.swift; path = "TargetType+BaseURL.swift"; sourceTree = "<group>"; };
		CDB9DA7227CD0BD5003121AB /* MultiMoyaProvider.swift */ = {isa = PBXFileReference; fileEncoding = 4; lastKnownFileType = sourcecode.swift; path = MultiMoyaProvider.swift; sourceTree = "<group>"; };
		CDB9DA7327CD0BD5003121AB /* Observable+Codable.swift */ = {isa = PBXFileReference; fileEncoding = 4; lastKnownFileType = sourcecode.swift; path = "Observable+Codable.swift"; sourceTree = "<group>"; };
		CDB9DA7427CD0BD5003121AB /* Response+Codable.swift */ = {isa = PBXFileReference; fileEncoding = 4; lastKnownFileType = sourcecode.swift; path = "Response+Codable.swift"; sourceTree = "<group>"; };
		CDB9DA7527CD0BD5003121AB /* Observable+HandleError.swift */ = {isa = PBXFileReference; fileEncoding = 4; lastKnownFileType = sourcecode.swift; path = "Observable+HandleError.swift"; sourceTree = "<group>"; };
		CDB9DA7927CD0BD5003121AB /* ErrorModel.swift */ = {isa = PBXFileReference; fileEncoding = 4; lastKnownFileType = sourcecode.swift; path = ErrorModel.swift; sourceTree = "<group>"; };
		CDB9DA7B27CD0BD5003121AB /* AuthPlugin.swift */ = {isa = PBXFileReference; fileEncoding = 4; lastKnownFileType = sourcecode.swift; path = AuthPlugin.swift; sourceTree = "<group>"; };
		CDB9DA7C27CD0BD5003121AB /* SessionManager.swift */ = {isa = PBXFileReference; fileEncoding = 4; lastKnownFileType = sourcecode.swift; path = SessionManager.swift; sourceTree = "<group>"; };
		CDB9DA8127CD0BD5003121AB /* NetworkDataManager.swift */ = {isa = PBXFileReference; fileEncoding = 4; lastKnownFileType = sourcecode.swift; path = NetworkDataManager.swift; sourceTree = "<group>"; };
		CDB9DA8227CD0BD5003121AB /* NetworkManager.swift */ = {isa = PBXFileReference; fileEncoding = 4; lastKnownFileType = sourcecode.swift; path = NetworkManager.swift; sourceTree = "<group>"; };
		CDB9DA9A27CD0C40003121AB /* Environment.swift */ = {isa = PBXFileReference; fileEncoding = 4; lastKnownFileType = sourcecode.swift; path = Environment.swift; sourceTree = "<group>"; };
		CDB9DA9B27CD0C40003121AB /* Config.swift */ = {isa = PBXFileReference; fileEncoding = 4; lastKnownFileType = sourcecode.swift; path = Config.swift; sourceTree = "<group>"; };
		CDB9DA9F27CD0C88003121AB /* DateFormat.swift */ = {isa = PBXFileReference; fileEncoding = 4; lastKnownFileType = sourcecode.swift; path = DateFormat.swift; sourceTree = "<group>"; };
		CDB9DAA027CD0C88003121AB /* FirstStartHelper.swift */ = {isa = PBXFileReference; fileEncoding = 4; lastKnownFileType = sourcecode.swift; path = FirstStartHelper.swift; sourceTree = "<group>"; };
		CDB9DAA127CD0C88003121AB /* DateFormatterExtension.swift */ = {isa = PBXFileReference; fileEncoding = 4; lastKnownFileType = sourcecode.swift; path = DateFormatterExtension.swift; sourceTree = "<group>"; };
		CDB9DAA227CD0C88003121AB /* DateHelper.swift */ = {isa = PBXFileReference; fileEncoding = 4; lastKnownFileType = sourcecode.swift; path = DateHelper.swift; sourceTree = "<group>"; };
		CDB9DAA327CD0C88003121AB /* StringHelper.swift */ = {isa = PBXFileReference; fileEncoding = 4; lastKnownFileType = sourcecode.swift; path = StringHelper.swift; sourceTree = "<group>"; };
		CDB9DAAC27CD0CE2003121AB /* ActivityIndicator.swift */ = {isa = PBXFileReference; fileEncoding = 4; lastKnownFileType = sourcecode.swift; path = ActivityIndicator.swift; sourceTree = "<group>"; };
		CDB9DAAD27CD0CE2003121AB /* ErrorDialog.swift */ = {isa = PBXFileReference; fileEncoding = 4; lastKnownFileType = sourcecode.swift; path = ErrorDialog.swift; sourceTree = "<group>"; };
		CDB9DAB527CD0D33003121AB /* UIViewControllerExtension.swift */ = {isa = PBXFileReference; fileEncoding = 4; lastKnownFileType = sourcecode.swift; path = UIViewControllerExtension.swift; sourceTree = "<group>"; };
		CDB9DAB627CD0D33003121AB /* SequenceExtension.swift */ = {isa = PBXFileReference; fileEncoding = 4; lastKnownFileType = sourcecode.swift; path = SequenceExtension.swift; sourceTree = "<group>"; };
		CDB9DAB727CD0D33003121AB /* KVCExtension.swift */ = {isa = PBXFileReference; fileEncoding = 4; lastKnownFileType = sourcecode.swift; path = KVCExtension.swift; sourceTree = "<group>"; };
		CDB9DAB827CD0D33003121AB /* BoolExtension.swift */ = {isa = PBXFileReference; fileEncoding = 4; lastKnownFileType = sourcecode.swift; path = BoolExtension.swift; sourceTree = "<group>"; };
		CDB9DAB927CD0D33003121AB /* UINavigationControllerExtension.swift */ = {isa = PBXFileReference; fileEncoding = 4; lastKnownFileType = sourcecode.swift; path = UINavigationControllerExtension.swift; sourceTree = "<group>"; };
		CDB9DABA27CD0D33003121AB /* StringExtension.swift */ = {isa = PBXFileReference; fileEncoding = 4; lastKnownFileType = sourcecode.swift; path = StringExtension.swift; sourceTree = "<group>"; };
		CDB9DABB27CD0D33003121AB /* UIWindowExtension.swift */ = {isa = PBXFileReference; fileEncoding = 4; lastKnownFileType = sourcecode.swift; path = UIWindowExtension.swift; sourceTree = "<group>"; };
		CDB9DABC27CD0D33003121AB /* CodableExtension.swift */ = {isa = PBXFileReference; fileEncoding = 4; lastKnownFileType = sourcecode.swift; path = CodableExtension.swift; sourceTree = "<group>"; };
		CDB9DABD27CD0D33003121AB /* DateExtension.swift */ = {isa = PBXFileReference; fileEncoding = 4; lastKnownFileType = sourcecode.swift; path = DateExtension.swift; sourceTree = "<group>"; };
		CDB9DAC727CD2581003121AB /* ListMoviesState.swift */ = {isa = PBXFileReference; lastKnownFileType = sourcecode.swift; path = ListMoviesState.swift; sourceTree = "<group>"; };
		CDB9DACA27CD2AB3003121AB /* MovieDetailsViewController.swift */ = {isa = PBXFileReference; lastKnownFileType = sourcecode.swift; path = MovieDetailsViewController.swift; sourceTree = "<group>"; };
		CDB9DACD27CD4BC9003121AB /* Movie.swift */ = {isa = PBXFileReference; lastKnownFileType = sourcecode.swift; path = Movie.swift; sourceTree = "<group>"; };
		F96A41D657A585CE80E475CB /* Pods-NEXT-NEXTUITests.release.xcconfig */ = {isa = PBXFileReference; includeInIndex = 1; lastKnownFileType = text.xcconfig; name = "Pods-NEXT-NEXTUITests.release.xcconfig"; path = "Target Support Files/Pods-NEXT-NEXTUITests/Pods-NEXT-NEXTUITests.release.xcconfig"; sourceTree = "<group>"; };
/* End PBXFileReference section */

/* Begin PBXFrameworksBuildPhase section */
		CD3A00BB27C5386000B5DEB8 /* Frameworks */ = {
			isa = PBXFrameworksBuildPhase;
			buildActionMask = 2147483647;
			files = (
				8B6CC7BD912F674C2D4A9433 /* Pods_NEXT.framework in Frameworks */,
			);
			runOnlyForDeploymentPostprocessing = 0;
		};
		CD3A00D127C5386200B5DEB8 /* Frameworks */ = {
			isa = PBXFrameworksBuildPhase;
			buildActionMask = 2147483647;
			files = (
				FCBAAA34F1C81230DA78C3C3 /* Pods_NEXTTests.framework in Frameworks */,
			);
			runOnlyForDeploymentPostprocessing = 0;
		};
		CD3A00DB27C5386200B5DEB8 /* Frameworks */ = {
			isa = PBXFrameworksBuildPhase;
			buildActionMask = 2147483647;
			files = (
				DF6D807FDCE850DCBF2A3100 /* Pods_NEXT_NEXTUITests.framework in Frameworks */,
			);
			runOnlyForDeploymentPostprocessing = 0;
		};
/* End PBXFrameworksBuildPhase section */

/* Begin PBXGroup section */
		3A2B6BA72F188FFD4776ED9F /* Pods */ = {
			isa = PBXGroup;
			children = (
				9D5F147A28A7BB3D49102C1D /* Pods-NEXT.debug.xcconfig */,
				98A1B55E78C843E76F37FCEC /* Pods-NEXT.release.xcconfig */,
				4E723C435AF7DFDDF7519E76 /* Pods-NEXT-NEXTUITests.debug.xcconfig */,
				F96A41D657A585CE80E475CB /* Pods-NEXT-NEXTUITests.release.xcconfig */,
				AC7ECB965E1CEF200C84A416 /* Pods-NEXTTests.debug.xcconfig */,
				250C4BD0D5D3C55B28D834C2 /* Pods-NEXTTests.release.xcconfig */,
			);
			path = Pods;
			sourceTree = "<group>";
		};
		AE3BEC70568D4DA7FFABDA9C /* Frameworks */ = {
			isa = PBXGroup;
			children = (
				796FCEF2058E4702463EC5EF /* Pods_NEXT.framework */,
				7FA17AC33763C091242E87C3 /* Pods_NEXT_NEXTUITests.framework */,
				BEDEBF5FF9FA35916BE91AD9 /* Pods_NEXTTests.framework */,
			);
			name = Frameworks;
			sourceTree = "<group>";
		};
		CD3A00B527C5386000B5DEB8 = {
			isa = PBXGroup;
			children = (
				CD3A00C027C5386000B5DEB8 /* NEXT */,
				CD3A00D727C5386200B5DEB8 /* NEXTTests */,
				CD3A00E127C5386200B5DEB8 /* NEXTUITests */,
				CD3A00BF27C5386000B5DEB8 /* Products */,
				3A2B6BA72F188FFD4776ED9F /* Pods */,
				AE3BEC70568D4DA7FFABDA9C /* Frameworks */,
			);
			sourceTree = "<group>";
		};
		CD3A00BF27C5386000B5DEB8 /* Products */ = {
			isa = PBXGroup;
			children = (
				CD3A00BE27C5386000B5DEB8 /* NEXT.app */,
				CD3A00D427C5386200B5DEB8 /* NEXTTests.xctest */,
				CD3A00DE27C5386200B5DEB8 /* NEXTUITests.xctest */,
			);
			name = Products;
			sourceTree = "<group>";
		};
		CD3A00C027C5386000B5DEB8 /* NEXT */ = {
			isa = PBXGroup;
			children = (
				CD3A00C127C5386000B5DEB8 /* AppDelegate.swift */,
				CD3A00C327C5386000B5DEB8 /* SceneDelegate.swift */,
				CD3A00FB27C53ED600B5DEB8 /* Assembly */,
				CD3A010227C64A6F00B5DEB8 /* Navigator */,
				CD3A010127C64A5F00B5DEB8 /* Coordinator */,
				CDB9DA5F27CCFC47003121AB /* Networking */,
				CDB9DACC27CD4BB8003121AB /* Model */,
				CDB9DA4E27C79DE1003121AB /* UseCase */,
				CDB9DA5827CCE321003121AB /* View */,
				CDB9DAB427CD0D33003121AB /* Extension */,
				CDB9DA9827CD0C31003121AB /* Util */,
				CD3A00C727C5386000B5DEB8 /* Main.storyboard */,
				CD3A00CA27C5386200B5DEB8 /* Assets.xcassets */,
				CD3A00CC27C5386200B5DEB8 /* LaunchScreen.storyboard */,
				CD3A00CF27C5386200B5DEB8 /* Info.plist */,
			);
			path = NEXT;
			sourceTree = "<group>";
		};
		CD3A00D727C5386200B5DEB8 /* NEXTTests */ = {
			isa = PBXGroup;
			children = (
				CD3A00D827C5386200B5DEB8 /* NEXTTests.swift */,
			);
			path = NEXTTests;
			sourceTree = "<group>";
		};
		CD3A00E127C5386200B5DEB8 /* NEXTUITests */ = {
			isa = PBXGroup;
			children = (
				CD3A00E227C5386200B5DEB8 /* NEXTUITests.swift */,
				CD3A00E427C5386200B5DEB8 /* NEXTUITestsLaunchTests.swift */,
			);
			path = NEXTUITests;
			sourceTree = "<group>";
		};
		CD3A00FB27C53ED600B5DEB8 /* Assembly */ = {
			isa = PBXGroup;
			children = (
				CD3A00F927C53ECB00B5DEB8 /* UIAssembly.swift */,
				CD3A00FD27C540E900B5DEB8 /* CoordinatorAssembly.swift */,
				CD3A00FF27C5419A00B5DEB8 /* NavigatorAssembly.swift */,
			);
			path = Assembly;
			sourceTree = "<group>";
		};
		CD3A010127C64A5F00B5DEB8 /* Coordinator */ = {
			isa = PBXGroup;
			children = (
				CD3A00F127C5390600B5DEB8 /* Coordinator.swift */,
				CD3A010327C64E3700B5DEB8 /* MainCoordinator */,
			);
			path = Coordinator;
			sourceTree = "<group>";
		};
		CD3A010227C64A6F00B5DEB8 /* Navigator */ = {
			isa = PBXGroup;
			children = (
				CD3A00F327C5391700B5DEB8 /* NavigatorType.swift */,
				CD3A00F727C53B6700B5DEB8 /* Navigator.swift */,
			);
			path = Navigator;
			sourceTree = "<group>";
		};
		CD3A010327C64E3700B5DEB8 /* MainCoordinator */ = {
			isa = PBXGroup;
			children = (
				CDB9DA4C27C67B44003121AB /* MainCoordinatorType.swift */,
				CD3A00F527C53A7600B5DEB8 /* MainCoordinator.swift */,
			);
			path = MainCoordinator;
			sourceTree = "<group>";
		};
		CDB9DA4E27C79DE1003121AB /* UseCase */ = {
			isa = PBXGroup;
			children = (
				CDB9DA4F27C79DF2003121AB /* ListMovies */,
				CDB9DAC927CD2AA0003121AB /* MovieDetails */,
			);
			path = UseCase;
			sourceTree = "<group>";
		};
		CDB9DA4F27C79DF2003121AB /* ListMovies */ = {
			isa = PBXGroup;
			children = (
				CDB9DA5027C79E7C003121AB /* ListMoviesAction.swift */,
				CDB9DA5227C7B011003121AB /* ListMoviesStore.swift */,
				CDB9DA5427C7B15B003121AB /* ListMoviesDispatcher.swift */,
				CDB9DA5627CCCC43003121AB /* ListMoviesViewModel.swift */,
				CD3A00C527C5386000B5DEB8 /* ListMoviesViewController.swift */,
				CDB9DAC727CD2581003121AB /* ListMoviesState.swift */,
			);
			path = ListMovies;
			sourceTree = "<group>";
		};
		CDB9DA5827CCE321003121AB /* View */ = {
			isa = PBXGroup;
			children = (
				CDB9DA5927CCE32C003121AB /* Table */,
			);
			path = View;
			sourceTree = "<group>";
		};
		CDB9DA5927CCE32C003121AB /* Table */ = {
			isa = PBXGroup;
			children = (
				CDB9DA5A27CCE33E003121AB /* MovieTVCell */,
			);
			path = Table;
			sourceTree = "<group>";
		};
		CDB9DA5A27CCE33E003121AB /* MovieTVCell */ = {
			isa = PBXGroup;
			children = (
				CDB9DA5B27CCE36A003121AB /* MovieTVCell.swift */,
				CDB9DA5C27CCE36A003121AB /* MovieTVCell.xib */,
			);
			path = MovieTVCell;
			sourceTree = "<group>";
		};
		CDB9DA5F27CCFC47003121AB /* Networking */ = {
			isa = PBXGroup;
			children = (
				CDB9DA7127CD0BD5003121AB /* NetworkExtensions */,
				CDB9DA7627CD0BD5003121AB /* NetworkModel */,
				CDB9DA7D27CD0BD5003121AB /* SampleData */,
				CDB9DA7A27CD0BD5003121AB /* Plugins */,
				CDB9DA6927CD0BD5003121AB /* APIs */,
				CDB9DA6827CD0BD5003121AB /* NetworkConfig.swift */,
				CDB9DA8127CD0BD5003121AB /* NetworkDataManager.swift */,
				CDB9DA8227CD0BD5003121AB /* NetworkManager.swift */,
				CDB9DA7C27CD0BD5003121AB /* SessionManager.swift */,
			);
			path = Networking;
			sourceTree = "<group>";
		};
		CDB9DA6927CD0BD5003121AB /* APIs */ = {
			isa = PBXGroup;
			children = (
				CDB9DA6A27CD0BD5003121AB /* UserAPI.swift */,
				CDB9DA6B27CD0BD5003121AB /* Types */,
			);
			path = APIs;
			sourceTree = "<group>";
		};
		CDB9DA6B27CD0BD5003121AB /* Types */ = {
			isa = PBXGroup;
			children = (
				CDB9DA6C27CD0BD5003121AB /* BaseTargetType.swift */,
				CDB9DA6D27CD0BD5003121AB /* DecodableTargetType.swift */,
				CDB9DA6E27CD0BD5003121AB /* StubbedTargetType.swift */,
				CDB9DA6F27CD0BD5003121AB /* StubbedResponse.swift */,
				CDB9DA7027CD0BD5003121AB /* TargetType+BaseURL.swift */,
			);
			path = Types;
			sourceTree = "<group>";
		};
		CDB9DA7127CD0BD5003121AB /* NetworkExtensions */ = {
			isa = PBXGroup;
			children = (
				CDB9DA7227CD0BD5003121AB /* MultiMoyaProvider.swift */,
				CDB9DA7327CD0BD5003121AB /* Observable+Codable.swift */,
				CDB9DA7427CD0BD5003121AB /* Response+Codable.swift */,
				CDB9DA7527CD0BD5003121AB /* Observable+HandleError.swift */,
			);
			path = NetworkExtensions;
			sourceTree = "<group>";
		};
		CDB9DA7627CD0BD5003121AB /* NetworkModel */ = {
			isa = PBXGroup;
			children = (
				CDB9DA7927CD0BD5003121AB /* ErrorModel.swift */,
			);
			path = NetworkModel;
			sourceTree = "<group>";
		};
		CDB9DA7A27CD0BD5003121AB /* Plugins */ = {
			isa = PBXGroup;
			children = (
				CDB9DA7B27CD0BD5003121AB /* AuthPlugin.swift */,
			);
			path = Plugins;
			sourceTree = "<group>";
		};
		CDB9DA7D27CD0BD5003121AB /* SampleData */ = {
			isa = PBXGroup;
			children = (
			);
			path = SampleData;
			sourceTree = "<group>";
		};
		CDB9DA9827CD0C31003121AB /* Util */ = {
			isa = PBXGroup;
			children = (
				CDB9DAA927CD0CE2003121AB /* UI */,
				CDB9DA9E27CD0C88003121AB /* Helper */,
				CDB9DA9927CD0C40003121AB /* Config */,
			);
			path = Util;
			sourceTree = "<group>";
		};
		CDB9DA9927CD0C40003121AB /* Config */ = {
			isa = PBXGroup;
			children = (
				CDB9DA9A27CD0C40003121AB /* Environment.swift */,
				CDB9DA9B27CD0C40003121AB /* Config.swift */,
			);
			path = Config;
			sourceTree = "<group>";
		};
		CDB9DA9E27CD0C88003121AB /* Helper */ = {
			isa = PBXGroup;
			children = (
				CDB9DA9F27CD0C88003121AB /* DateFormat.swift */,
				CDB9DAA027CD0C88003121AB /* FirstStartHelper.swift */,
				CDB9DAA127CD0C88003121AB /* DateFormatterExtension.swift */,
				CDB9DAA227CD0C88003121AB /* DateHelper.swift */,
				CDB9DAA327CD0C88003121AB /* StringHelper.swift */,
			);
			path = Helper;
			sourceTree = "<group>";
		};
		CDB9DAA927CD0CE2003121AB /* UI */ = {
			isa = PBXGroup;
			children = (
				CDB9DAAC27CD0CE2003121AB /* ActivityIndicator.swift */,
				CDB9DAAD27CD0CE2003121AB /* ErrorDialog.swift */,
			);
			path = UI;
			sourceTree = "<group>";
		};
		CDB9DAB427CD0D33003121AB /* Extension */ = {
			isa = PBXGroup;
			children = (
				CDB9DAB527CD0D33003121AB /* UIViewControllerExtension.swift */,
				CDB9DAB627CD0D33003121AB /* SequenceExtension.swift */,
				CDB9DAB727CD0D33003121AB /* KVCExtension.swift */,
				CDB9DAB827CD0D33003121AB /* BoolExtension.swift */,
				CDB9DAB927CD0D33003121AB /* UINavigationControllerExtension.swift */,
				CDB9DABA27CD0D33003121AB /* StringExtension.swift */,
				CDB9DABB27CD0D33003121AB /* UIWindowExtension.swift */,
				CDB9DABC27CD0D33003121AB /* CodableExtension.swift */,
				CDB9DABD27CD0D33003121AB /* DateExtension.swift */,
			);
			path = Extension;
			sourceTree = "<group>";
		};
		CDB9DAC927CD2AA0003121AB /* MovieDetails */ = {
			isa = PBXGroup;
			children = (
				CDB9DACA27CD2AB3003121AB /* MovieDetailsViewController.swift */,
			);
			path = MovieDetails;
			sourceTree = "<group>";
		};
		CDB9DACC27CD4BB8003121AB /* Model */ = {
			isa = PBXGroup;
			children = (
				CDB9DACD27CD4BC9003121AB /* Movie.swift */,
			);
			path = Model;
			sourceTree = "<group>";
		};
/* End PBXGroup section */

/* Begin PBXNativeTarget section */
		CD3A00BD27C5386000B5DEB8 /* NEXT */ = {
			isa = PBXNativeTarget;
			buildConfigurationList = CD3A00E827C5386200B5DEB8 /* Build configuration list for PBXNativeTarget "NEXT" */;
			buildPhases = (
				C34244812E73203701B6CC52 /* [CP] Check Pods Manifest.lock */,
				CD3A00BA27C5386000B5DEB8 /* Sources */,
				CD3A00BB27C5386000B5DEB8 /* Frameworks */,
				CD3A00BC27C5386000B5DEB8 /* Resources */,
				73BB02E57BB0E3EC62BBAACF /* [CP] Embed Pods Frameworks */,
			);
			buildRules = (
			);
			dependencies = (
			);
			name = NEXT;
			productName = NEXT;
			productReference = CD3A00BE27C5386000B5DEB8 /* NEXT.app */;
			productType = "com.apple.product-type.application";
		};
		CD3A00D327C5386200B5DEB8 /* NEXTTests */ = {
			isa = PBXNativeTarget;
			buildConfigurationList = CD3A00EB27C5386200B5DEB8 /* Build configuration list for PBXNativeTarget "NEXTTests" */;
			buildPhases = (
				0985520BCAE06B9E8B6AB44B /* [CP] Check Pods Manifest.lock */,
				CD3A00D027C5386200B5DEB8 /* Sources */,
				CD3A00D127C5386200B5DEB8 /* Frameworks */,
				CD3A00D227C5386200B5DEB8 /* Resources */,
			);
			buildRules = (
			);
			dependencies = (
				CD3A00D627C5386200B5DEB8 /* PBXTargetDependency */,
			);
			name = NEXTTests;
			productName = NEXTTests;
			productReference = CD3A00D427C5386200B5DEB8 /* NEXTTests.xctest */;
			productType = "com.apple.product-type.bundle.unit-test";
		};
		CD3A00DD27C5386200B5DEB8 /* NEXTUITests */ = {
			isa = PBXNativeTarget;
			buildConfigurationList = CD3A00EE27C5386200B5DEB8 /* Build configuration list for PBXNativeTarget "NEXTUITests" */;
			buildPhases = (
				2F2BC7355D2119BA01E98B76 /* [CP] Check Pods Manifest.lock */,
				CD3A00DA27C5386200B5DEB8 /* Sources */,
				CD3A00DB27C5386200B5DEB8 /* Frameworks */,
				CD3A00DC27C5386200B5DEB8 /* Resources */,
				DE0656B7D24B4ECC688C4FAC /* [CP] Embed Pods Frameworks */,
			);
			buildRules = (
			);
			dependencies = (
				CD3A00E027C5386200B5DEB8 /* PBXTargetDependency */,
			);
			name = NEXTUITests;
			productName = NEXTUITests;
			productReference = CD3A00DE27C5386200B5DEB8 /* NEXTUITests.xctest */;
			productType = "com.apple.product-type.bundle.ui-testing";
		};
/* End PBXNativeTarget section */

/* Begin PBXProject section */
		CD3A00B627C5386000B5DEB8 /* Project object */ = {
			isa = PBXProject;
			attributes = {
				BuildIndependentTargetsInParallel = 1;
				LastSwiftUpdateCheck = 1320;
				LastUpgradeCheck = 1320;
				TargetAttributes = {
					CD3A00BD27C5386000B5DEB8 = {
						CreatedOnToolsVersion = 13.2.1;
					};
					CD3A00D327C5386200B5DEB8 = {
						CreatedOnToolsVersion = 13.2.1;
						TestTargetID = CD3A00BD27C5386000B5DEB8;
					};
					CD3A00DD27C5386200B5DEB8 = {
						CreatedOnToolsVersion = 13.2.1;
						TestTargetID = CD3A00BD27C5386000B5DEB8;
					};
				};
			};
			buildConfigurationList = CD3A00B927C5386000B5DEB8 /* Build configuration list for PBXProject "NEXT" */;
			compatibilityVersion = "Xcode 13.0";
			developmentRegion = en;
			hasScannedForEncodings = 0;
			knownRegions = (
				en,
				Base,
			);
			mainGroup = CD3A00B527C5386000B5DEB8;
			productRefGroup = CD3A00BF27C5386000B5DEB8 /* Products */;
			projectDirPath = "";
			projectRoot = "";
			targets = (
				CD3A00BD27C5386000B5DEB8 /* NEXT */,
				CD3A00D327C5386200B5DEB8 /* NEXTTests */,
				CD3A00DD27C5386200B5DEB8 /* NEXTUITests */,
			);
		};
/* End PBXProject section */

/* Begin PBXResourcesBuildPhase section */
		CD3A00BC27C5386000B5DEB8 /* Resources */ = {
			isa = PBXResourcesBuildPhase;
			buildActionMask = 2147483647;
			files = (
				CD3A00CE27C5386200B5DEB8 /* LaunchScreen.storyboard in Resources */,
				CD3A00CB27C5386200B5DEB8 /* Assets.xcassets in Resources */,
				CDB9DA5E27CCE36A003121AB /* MovieTVCell.xib in Resources */,
				CD3A00C927C5386000B5DEB8 /* Main.storyboard in Resources */,
			);
			runOnlyForDeploymentPostprocessing = 0;
		};
		CD3A00D227C5386200B5DEB8 /* Resources */ = {
			isa = PBXResourcesBuildPhase;
			buildActionMask = 2147483647;
			files = (
			);
			runOnlyForDeploymentPostprocessing = 0;
		};
		CD3A00DC27C5386200B5DEB8 /* Resources */ = {
			isa = PBXResourcesBuildPhase;
			buildActionMask = 2147483647;
			files = (
			);
			runOnlyForDeploymentPostprocessing = 0;
		};
/* End PBXResourcesBuildPhase section */

/* Begin PBXShellScriptBuildPhase section */
		0985520BCAE06B9E8B6AB44B /* [CP] Check Pods Manifest.lock */ = {
			isa = PBXShellScriptBuildPhase;
			buildActionMask = 2147483647;
			files = (
			);
			inputFileListPaths = (
			);
			inputPaths = (
				"${PODS_PODFILE_DIR_PATH}/Podfile.lock",
				"${PODS_ROOT}/Manifest.lock",
			);
			name = "[CP] Check Pods Manifest.lock";
			outputFileListPaths = (
			);
			outputPaths = (
				"$(DERIVED_FILE_DIR)/Pods-NEXTTests-checkManifestLockResult.txt",
			);
			runOnlyForDeploymentPostprocessing = 0;
			shellPath = /bin/sh;
			shellScript = "diff \"${PODS_PODFILE_DIR_PATH}/Podfile.lock\" \"${PODS_ROOT}/Manifest.lock\" > /dev/null\nif [ $? != 0 ] ; then\n    # print error to STDERR\n    echo \"error: The sandbox is not in sync with the Podfile.lock. Run 'pod install' or update your CocoaPods installation.\" >&2\n    exit 1\nfi\n# This output is used by Xcode 'outputs' to avoid re-running this script phase.\necho \"SUCCESS\" > \"${SCRIPT_OUTPUT_FILE_0}\"\n";
			showEnvVarsInLog = 0;
		};
		2F2BC7355D2119BA01E98B76 /* [CP] Check Pods Manifest.lock */ = {
			isa = PBXShellScriptBuildPhase;
			buildActionMask = 2147483647;
			files = (
			);
			inputFileListPaths = (
			);
			inputPaths = (
				"${PODS_PODFILE_DIR_PATH}/Podfile.lock",
				"${PODS_ROOT}/Manifest.lock",
			);
			name = "[CP] Check Pods Manifest.lock";
			outputFileListPaths = (
			);
			outputPaths = (
				"$(DERIVED_FILE_DIR)/Pods-NEXT-NEXTUITests-checkManifestLockResult.txt",
			);
			runOnlyForDeploymentPostprocessing = 0;
			shellPath = /bin/sh;
			shellScript = "diff \"${PODS_PODFILE_DIR_PATH}/Podfile.lock\" \"${PODS_ROOT}/Manifest.lock\" > /dev/null\nif [ $? != 0 ] ; then\n    # print error to STDERR\n    echo \"error: The sandbox is not in sync with the Podfile.lock. Run 'pod install' or update your CocoaPods installation.\" >&2\n    exit 1\nfi\n# This output is used by Xcode 'outputs' to avoid re-running this script phase.\necho \"SUCCESS\" > \"${SCRIPT_OUTPUT_FILE_0}\"\n";
			showEnvVarsInLog = 0;
		};
		73BB02E57BB0E3EC62BBAACF /* [CP] Embed Pods Frameworks */ = {
			isa = PBXShellScriptBuildPhase;
			buildActionMask = 2147483647;
			files = (
			);
			inputFileListPaths = (
				"${PODS_ROOT}/Target Support Files/Pods-NEXT/Pods-NEXT-frameworks-${CONFIGURATION}-input-files.xcfilelist",
			);
			name = "[CP] Embed Pods Frameworks";
			outputFileListPaths = (
				"${PODS_ROOT}/Target Support Files/Pods-NEXT/Pods-NEXT-frameworks-${CONFIGURATION}-output-files.xcfilelist",
			);
			runOnlyForDeploymentPostprocessing = 0;
			shellPath = /bin/sh;
			shellScript = "\"${PODS_ROOT}/Target Support Files/Pods-NEXT/Pods-NEXT-frameworks.sh\"\n";
			showEnvVarsInLog = 0;
		};
		C34244812E73203701B6CC52 /* [CP] Check Pods Manifest.lock */ = {
			isa = PBXShellScriptBuildPhase;
			buildActionMask = 2147483647;
			files = (
			);
			inputFileListPaths = (
			);
			inputPaths = (
				"${PODS_PODFILE_DIR_PATH}/Podfile.lock",
				"${PODS_ROOT}/Manifest.lock",
			);
			name = "[CP] Check Pods Manifest.lock";
			outputFileListPaths = (
			);
			outputPaths = (
				"$(DERIVED_FILE_DIR)/Pods-NEXT-checkManifestLockResult.txt",
			);
			runOnlyForDeploymentPostprocessing = 0;
			shellPath = /bin/sh;
			shellScript = "diff \"${PODS_PODFILE_DIR_PATH}/Podfile.lock\" \"${PODS_ROOT}/Manifest.lock\" > /dev/null\nif [ $? != 0 ] ; then\n    # print error to STDERR\n    echo \"error: The sandbox is not in sync with the Podfile.lock. Run 'pod install' or update your CocoaPods installation.\" >&2\n    exit 1\nfi\n# This output is used by Xcode 'outputs' to avoid re-running this script phase.\necho \"SUCCESS\" > \"${SCRIPT_OUTPUT_FILE_0}\"\n";
			showEnvVarsInLog = 0;
		};
		DE0656B7D24B4ECC688C4FAC /* [CP] Embed Pods Frameworks */ = {
			isa = PBXShellScriptBuildPhase;
			buildActionMask = 2147483647;
			files = (
			);
			inputFileListPaths = (
				"${PODS_ROOT}/Target Support Files/Pods-NEXT-NEXTUITests/Pods-NEXT-NEXTUITests-frameworks-${CONFIGURATION}-input-files.xcfilelist",
			);
			name = "[CP] Embed Pods Frameworks";
			outputFileListPaths = (
				"${PODS_ROOT}/Target Support Files/Pods-NEXT-NEXTUITests/Pods-NEXT-NEXTUITests-frameworks-${CONFIGURATION}-output-files.xcfilelist",
			);
			runOnlyForDeploymentPostprocessing = 0;
			shellPath = /bin/sh;
			shellScript = "\"${PODS_ROOT}/Target Support Files/Pods-NEXT-NEXTUITests/Pods-NEXT-NEXTUITests-frameworks.sh\"\n";
			showEnvVarsInLog = 0;
		};
/* End PBXShellScriptBuildPhase section */

/* Begin PBXSourcesBuildPhase section */
		CD3A00BA27C5386000B5DEB8 /* Sources */ = {
			isa = PBXSourcesBuildPhase;
			buildActionMask = 2147483647;
			files = (
				CDB9DAC527CD0D33003121AB /* CodableExtension.swift in Sources */,
				CDB9DAC227CD0D33003121AB /* UINavigationControllerExtension.swift in Sources */,
				CDB9DA9127CD0BD6003121AB /* AuthPlugin.swift in Sources */,
				CDB9DA9027CD0BD6003121AB /* ErrorModel.swift in Sources */,
				CDB9DABE27CD0D33003121AB /* UIViewControllerExtension.swift in Sources */,
				CDB9DA8927CD0BD6003121AB /* TargetType+BaseURL.swift in Sources */,
				CDB9DAA527CD0C88003121AB /* FirstStartHelper.swift in Sources */,
				CDB9DAB127CD0CE2003121AB /* ActivityIndicator.swift in Sources */,
				CDB9DA4D27C67B44003121AB /* MainCoordinatorType.swift in Sources */,
				CDB9DAC627CD0D33003121AB /* DateExtension.swift in Sources */,
				CDB9DAC827CD2581003121AB /* ListMoviesState.swift in Sources */,
				CD3A00F827C53B6700B5DEB8 /* Navigator.swift in Sources */,
				CDB9DA5127C79E7C003121AB /* ListMoviesAction.swift in Sources */,
				CDB9DA8B27CD0BD6003121AB /* Observable+Codable.swift in Sources */,
				CDB9DAA627CD0C88003121AB /* DateFormatterExtension.swift in Sources */,
				CDB9DAA727CD0C88003121AB /* DateHelper.swift in Sources */,
				CDB9DA9C27CD0C40003121AB /* Environment.swift in Sources */,
				CDB9DA8C27CD0BD6003121AB /* Response+Codable.swift in Sources */,
				CD3A00FA27C53ECB00B5DEB8 /* UIAssembly.swift in Sources */,
				CDB9DA9727CD0BD6003121AB /* NetworkManager.swift in Sources */,
				CD3A00F227C5390600B5DEB8 /* Coordinator.swift in Sources */,
				CDB9DA8D27CD0BD6003121AB /* Observable+HandleError.swift in Sources */,
				CDB9DACE27CD4BC9003121AB /* Movie.swift in Sources */,
				CDB9DAA427CD0C88003121AB /* DateFormat.swift in Sources */,
				CDB9DA8327CD0BD5003121AB /* NetworkConfig.swift in Sources */,
				CDB9DAA827CD0C88003121AB /* StringHelper.swift in Sources */,
				CDB9DA8827CD0BD6003121AB /* StubbedResponse.swift in Sources */,
				CDB9DA9627CD0BD6003121AB /* NetworkDataManager.swift in Sources */,
				CDB9DA9227CD0BD6003121AB /* SessionManager.swift in Sources */,
				CDB9DACB27CD2AB3003121AB /* MovieDetailsViewController.swift in Sources */,
				CDB9DA5527C7B15B003121AB /* ListMoviesDispatcher.swift in Sources */,
				CDB9DA5D27CCE36A003121AB /* MovieTVCell.swift in Sources */,
				CDB9DA5727CCCC43003121AB /* ListMoviesViewModel.swift in Sources */,
				CDB9DAC427CD0D33003121AB /* UIWindowExtension.swift in Sources */,
				CDB9DA8727CD0BD6003121AB /* StubbedTargetType.swift in Sources */,
				CDB9DA9D27CD0C40003121AB /* Config.swift in Sources */,
				CDB9DAC327CD0D33003121AB /* StringExtension.swift in Sources */,
				CDB9DA5327C7B011003121AB /* ListMoviesStore.swift in Sources */,
				CDB9DAC027CD0D33003121AB /* KVCExtension.swift in Sources */,
				CD3A00F627C53A7600B5DEB8 /* MainCoordinator.swift in Sources */,
				CDB9DA8A27CD0BD6003121AB /* MultiMoyaProvider.swift in Sources */,
				CD3A00F427C5391700B5DEB8 /* NavigatorType.swift in Sources */,
				CDB9DA8627CD0BD6003121AB /* DecodableTargetType.swift in Sources */,
				CD3A010027C5419A00B5DEB8 /* NavigatorAssembly.swift in Sources */,
				CDB9DAC127CD0D33003121AB /* BoolExtension.swift in Sources */,
				CD3A00C627C5386000B5DEB8 /* ListMoviesViewController.swift in Sources */,
				CDB9DA8527CD0BD6003121AB /* BaseTargetType.swift in Sources */,
				CDB9DAB227CD0CE2003121AB /* ErrorDialog.swift in Sources */,
				CD3A00FE27C540E900B5DEB8 /* CoordinatorAssembly.swift in Sources */,
				CD3A00C227C5386000B5DEB8 /* AppDelegate.swift in Sources */,
				CD3A00C427C5386000B5DEB8 /* SceneDelegate.swift in Sources */,
				CDB9DABF27CD0D33003121AB /* SequenceExtension.swift in Sources */,
				CDB9DA8427CD0BD5003121AB /* UserAPI.swift in Sources */,
			);
			runOnlyForDeploymentPostprocessing = 0;
		};
		CD3A00D027C5386200B5DEB8 /* Sources */ = {
			isa = PBXSourcesBuildPhase;
			buildActionMask = 2147483647;
			files = (
				CD3A00D927C5386200B5DEB8 /* NEXTTests.swift in Sources */,
			);
			runOnlyForDeploymentPostprocessing = 0;
		};
		CD3A00DA27C5386200B5DEB8 /* Sources */ = {
			isa = PBXSourcesBuildPhase;
			buildActionMask = 2147483647;
			files = (
				CD3A00E327C5386200B5DEB8 /* NEXTUITests.swift in Sources */,
				CD3A00E527C5386200B5DEB8 /* NEXTUITestsLaunchTests.swift in Sources */,
			);
			runOnlyForDeploymentPostprocessing = 0;
		};
/* End PBXSourcesBuildPhase section */

/* Begin PBXTargetDependency section */
		CD3A00D627C5386200B5DEB8 /* PBXTargetDependency */ = {
			isa = PBXTargetDependency;
			target = CD3A00BD27C5386000B5DEB8 /* NEXT */;
			targetProxy = CD3A00D527C5386200B5DEB8 /* PBXContainerItemProxy */;
		};
		CD3A00E027C5386200B5DEB8 /* PBXTargetDependency */ = {
			isa = PBXTargetDependency;
			target = CD3A00BD27C5386000B5DEB8 /* NEXT */;
			targetProxy = CD3A00DF27C5386200B5DEB8 /* PBXContainerItemProxy */;
		};
/* End PBXTargetDependency section */

/* Begin PBXVariantGroup section */
		CD3A00C727C5386000B5DEB8 /* Main.storyboard */ = {
			isa = PBXVariantGroup;
			children = (
				CD3A00C827C5386000B5DEB8 /* Base */,
			);
			name = Main.storyboard;
			sourceTree = "<group>";
		};
		CD3A00CC27C5386200B5DEB8 /* LaunchScreen.storyboard */ = {
			isa = PBXVariantGroup;
			children = (
				CD3A00CD27C5386200B5DEB8 /* Base */,
			);
			name = LaunchScreen.storyboard;
			sourceTree = "<group>";
		};
/* End PBXVariantGroup section */

/* Begin XCBuildConfiguration section */
		CD3A00E627C5386200B5DEB8 /* Debug */ = {
			isa = XCBuildConfiguration;
			buildSettings = {
				ALWAYS_SEARCH_USER_PATHS = NO;
				CLANG_ANALYZER_NONNULL = YES;
				CLANG_ANALYZER_NUMBER_OBJECT_CONVERSION = YES_AGGRESSIVE;
				CLANG_CXX_LANGUAGE_STANDARD = "gnu++17";
				CLANG_CXX_LIBRARY = "libc++";
				CLANG_ENABLE_MODULES = YES;
				CLANG_ENABLE_OBJC_ARC = YES;
				CLANG_ENABLE_OBJC_WEAK = YES;
				CLANG_WARN_BLOCK_CAPTURE_AUTORELEASING = YES;
				CLANG_WARN_BOOL_CONVERSION = YES;
				CLANG_WARN_COMMA = YES;
				CLANG_WARN_CONSTANT_CONVERSION = YES;
				CLANG_WARN_DEPRECATED_OBJC_IMPLEMENTATIONS = YES;
				CLANG_WARN_DIRECT_OBJC_ISA_USAGE = YES_ERROR;
				CLANG_WARN_DOCUMENTATION_COMMENTS = YES;
				CLANG_WARN_EMPTY_BODY = YES;
				CLANG_WARN_ENUM_CONVERSION = YES;
				CLANG_WARN_INFINITE_RECURSION = YES;
				CLANG_WARN_INT_CONVERSION = YES;
				CLANG_WARN_NON_LITERAL_NULL_CONVERSION = YES;
				CLANG_WARN_OBJC_IMPLICIT_RETAIN_SELF = YES;
				CLANG_WARN_OBJC_LITERAL_CONVERSION = YES;
				CLANG_WARN_OBJC_ROOT_CLASS = YES_ERROR;
				CLANG_WARN_QUOTED_INCLUDE_IN_FRAMEWORK_HEADER = YES;
				CLANG_WARN_RANGE_LOOP_ANALYSIS = YES;
				CLANG_WARN_STRICT_PROTOTYPES = YES;
				CLANG_WARN_SUSPICIOUS_MOVE = YES;
				CLANG_WARN_UNGUARDED_AVAILABILITY = YES_AGGRESSIVE;
				CLANG_WARN_UNREACHABLE_CODE = YES;
				CLANG_WARN__DUPLICATE_METHOD_MATCH = YES;
				COPY_PHASE_STRIP = NO;
				DEBUG_INFORMATION_FORMAT = dwarf;
				ENABLE_STRICT_OBJC_MSGSEND = YES;
				ENABLE_TESTABILITY = YES;
				GCC_C_LANGUAGE_STANDARD = gnu11;
				GCC_DYNAMIC_NO_PIC = NO;
				GCC_NO_COMMON_BLOCKS = YES;
				GCC_OPTIMIZATION_LEVEL = 0;
				GCC_PREPROCESSOR_DEFINITIONS = (
					"DEBUG=1",
					"$(inherited)",
				);
				GCC_WARN_64_TO_32_BIT_CONVERSION = YES;
				GCC_WARN_ABOUT_RETURN_TYPE = YES_ERROR;
				GCC_WARN_UNDECLARED_SELECTOR = YES;
				GCC_WARN_UNINITIALIZED_AUTOS = YES_AGGRESSIVE;
				GCC_WARN_UNUSED_FUNCTION = YES;
				GCC_WARN_UNUSED_VARIABLE = YES;
				IPHONEOS_DEPLOYMENT_TARGET = 15.2;
				MTL_ENABLE_DEBUG_INFO = INCLUDE_SOURCE;
				MTL_FAST_MATH = YES;
				ONLY_ACTIVE_ARCH = YES;
				SDKROOT = iphoneos;
				SWIFT_ACTIVE_COMPILATION_CONDITIONS = DEBUG;
				SWIFT_OPTIMIZATION_LEVEL = "-Onone";
			};
			name = Debug;
		};
		CD3A00E727C5386200B5DEB8 /* Release */ = {
			isa = XCBuildConfiguration;
			buildSettings = {
				ALWAYS_SEARCH_USER_PATHS = NO;
				CLANG_ANALYZER_NONNULL = YES;
				CLANG_ANALYZER_NUMBER_OBJECT_CONVERSION = YES_AGGRESSIVE;
				CLANG_CXX_LANGUAGE_STANDARD = "gnu++17";
				CLANG_CXX_LIBRARY = "libc++";
				CLANG_ENABLE_MODULES = YES;
				CLANG_ENABLE_OBJC_ARC = YES;
				CLANG_ENABLE_OBJC_WEAK = YES;
				CLANG_WARN_BLOCK_CAPTURE_AUTORELEASING = YES;
				CLANG_WARN_BOOL_CONVERSION = YES;
				CLANG_WARN_COMMA = YES;
				CLANG_WARN_CONSTANT_CONVERSION = YES;
				CLANG_WARN_DEPRECATED_OBJC_IMPLEMENTATIONS = YES;
				CLANG_WARN_DIRECT_OBJC_ISA_USAGE = YES_ERROR;
				CLANG_WARN_DOCUMENTATION_COMMENTS = YES;
				CLANG_WARN_EMPTY_BODY = YES;
				CLANG_WARN_ENUM_CONVERSION = YES;
				CLANG_WARN_INFINITE_RECURSION = YES;
				CLANG_WARN_INT_CONVERSION = YES;
				CLANG_WARN_NON_LITERAL_NULL_CONVERSION = YES;
				CLANG_WARN_OBJC_IMPLICIT_RETAIN_SELF = YES;
				CLANG_WARN_OBJC_LITERAL_CONVERSION = YES;
				CLANG_WARN_OBJC_ROOT_CLASS = YES_ERROR;
				CLANG_WARN_QUOTED_INCLUDE_IN_FRAMEWORK_HEADER = YES;
				CLANG_WARN_RANGE_LOOP_ANALYSIS = YES;
				CLANG_WARN_STRICT_PROTOTYPES = YES;
				CLANG_WARN_SUSPICIOUS_MOVE = YES;
				CLANG_WARN_UNGUARDED_AVAILABILITY = YES_AGGRESSIVE;
				CLANG_WARN_UNREACHABLE_CODE = YES;
				CLANG_WARN__DUPLICATE_METHOD_MATCH = YES;
				COPY_PHASE_STRIP = NO;
				DEBUG_INFORMATION_FORMAT = "dwarf-with-dsym";
				ENABLE_NS_ASSERTIONS = NO;
				ENABLE_STRICT_OBJC_MSGSEND = YES;
				GCC_C_LANGUAGE_STANDARD = gnu11;
				GCC_NO_COMMON_BLOCKS = YES;
				GCC_WARN_64_TO_32_BIT_CONVERSION = YES;
				GCC_WARN_ABOUT_RETURN_TYPE = YES_ERROR;
				GCC_WARN_UNDECLARED_SELECTOR = YES;
				GCC_WARN_UNINITIALIZED_AUTOS = YES_AGGRESSIVE;
				GCC_WARN_UNUSED_FUNCTION = YES;
				GCC_WARN_UNUSED_VARIABLE = YES;
				IPHONEOS_DEPLOYMENT_TARGET = 15.2;
				MTL_ENABLE_DEBUG_INFO = NO;
				MTL_FAST_MATH = YES;
				SDKROOT = iphoneos;
				SWIFT_COMPILATION_MODE = wholemodule;
				SWIFT_OPTIMIZATION_LEVEL = "-O";
				VALIDATE_PRODUCT = YES;
			};
			name = Release;
		};
		CD3A00E927C5386200B5DEB8 /* Debug */ = {
			isa = XCBuildConfiguration;
			baseConfigurationReference = 9D5F147A28A7BB3D49102C1D /* Pods-NEXT.debug.xcconfig */;
			buildSettings = {
				ASSETCATALOG_COMPILER_APPICON_NAME = AppIcon;
				ASSETCATALOG_COMPILER_GLOBAL_ACCENT_COLOR_NAME = AccentColor;
				CODE_SIGN_STYLE = Automatic;
				CURRENT_PROJECT_VERSION = 1;
				DEVELOPMENT_TEAM = 6SP8DWFZH2;
				GENERATE_INFOPLIST_FILE = YES;
				INFOPLIST_FILE = NEXT/Info.plist;
				INFOPLIST_KEY_CFBundleDisplayName = "Flux-Movies";
				INFOPLIST_KEY_UIApplicationSupportsIndirectInputEvents = YES;
				INFOPLIST_KEY_UILaunchStoryboardName = LaunchScreen;
				INFOPLIST_KEY_UISupportedInterfaceOrientations_iPad = "UIInterfaceOrientationPortrait UIInterfaceOrientationPortraitUpsideDown UIInterfaceOrientationLandscapeLeft UIInterfaceOrientationLandscapeRight";
				INFOPLIST_KEY_UISupportedInterfaceOrientations_iPhone = "UIInterfaceOrientationPortrait UIInterfaceOrientationLandscapeLeft UIInterfaceOrientationLandscapeRight";
				LD_RUNPATH_SEARCH_PATHS = (
					"$(inherited)",
					"@executable_path/Frameworks",
				);
				MARKETING_VERSION = 1.0;
				PRODUCT_BUNDLE_IDENTIFIER = hu.viktorban.NEXT;
				PRODUCT_NAME = "$(TARGET_NAME)";
				SWIFT_EMIT_LOC_STRINGS = YES;
				SWIFT_VERSION = 5.0;
				TARGETED_DEVICE_FAMILY = "1,2";
			};
			name = Debug;
		};
		CD3A00EA27C5386200B5DEB8 /* Release */ = {
			isa = XCBuildConfiguration;
			baseConfigurationReference = 98A1B55E78C843E76F37FCEC /* Pods-NEXT.release.xcconfig */;
			buildSettings = {
				ASSETCATALOG_COMPILER_APPICON_NAME = AppIcon;
				ASSETCATALOG_COMPILER_GLOBAL_ACCENT_COLOR_NAME = AccentColor;
				CODE_SIGN_STYLE = Automatic;
				CURRENT_PROJECT_VERSION = 1;
				DEVELOPMENT_TEAM = 6SP8DWFZH2;
				GENERATE_INFOPLIST_FILE = YES;
				INFOPLIST_FILE = NEXT/Info.plist;
				INFOPLIST_KEY_CFBundleDisplayName = "Flux-Movies";
				INFOPLIST_KEY_UIApplicationSupportsIndirectInputEvents = YES;
				INFOPLIST_KEY_UILaunchStoryboardName = LaunchScreen;
				INFOPLIST_KEY_UISupportedInterfaceOrientations_iPad = "UIInterfaceOrientationPortrait UIInterfaceOrientationPortraitUpsideDown UIInterfaceOrientationLandscapeLeft UIInterfaceOrientationLandscapeRight";
				INFOPLIST_KEY_UISupportedInterfaceOrientations_iPhone = "UIInterfaceOrientationPortrait UIInterfaceOrientationLandscapeLeft UIInterfaceOrientationLandscapeRight";
				LD_RUNPATH_SEARCH_PATHS = (
					"$(inherited)",
					"@executable_path/Frameworks",
				);
				MARKETING_VERSION = 1.0;
				PRODUCT_BUNDLE_IDENTIFIER = hu.viktorban.NEXT;
				PRODUCT_NAME = "$(TARGET_NAME)";
				SWIFT_EMIT_LOC_STRINGS = YES;
				SWIFT_VERSION = 5.0;
				TARGETED_DEVICE_FAMILY = "1,2";
			};
			name = Release;
		};
		CD3A00EC27C5386200B5DEB8 /* Debug */ = {
			isa = XCBuildConfiguration;
			baseConfigurationReference = AC7ECB965E1CEF200C84A416 /* Pods-NEXTTests.debug.xcconfig */;
			buildSettings = {
				ALWAYS_EMBED_SWIFT_STANDARD_LIBRARIES = YES;
				BUNDLE_LOADER = "$(TEST_HOST)";
				CODE_SIGN_STYLE = Automatic;
				CURRENT_PROJECT_VERSION = 1;
				DEVELOPMENT_TEAM = 6SP8DWFZH2;
				GENERATE_INFOPLIST_FILE = YES;
				IPHONEOS_DEPLOYMENT_TARGET = 15.2;
				MARKETING_VERSION = 1.0;
				PRODUCT_BUNDLE_IDENTIFIER = hu.viktorban.NEXTTests;
				PRODUCT_NAME = "$(TARGET_NAME)";
				SWIFT_EMIT_LOC_STRINGS = NO;
				SWIFT_VERSION = 5.0;
				TARGETED_DEVICE_FAMILY = "1,2";
				TEST_HOST = "$(BUILT_PRODUCTS_DIR)/NEXT.app/NEXT";
			};
			name = Debug;
		};
		CD3A00ED27C5386200B5DEB8 /* Release */ = {
			isa = XCBuildConfiguration;
			baseConfigurationReference = 250C4BD0D5D3C55B28D834C2 /* Pods-NEXTTests.release.xcconfig */;
			buildSettings = {
				ALWAYS_EMBED_SWIFT_STANDARD_LIBRARIES = YES;
				BUNDLE_LOADER = "$(TEST_HOST)";
				CODE_SIGN_STYLE = Automatic;
				CURRENT_PROJECT_VERSION = 1;
				DEVELOPMENT_TEAM = 6SP8DWFZH2;
				GENERATE_INFOPLIST_FILE = YES;
				IPHONEOS_DEPLOYMENT_TARGET = 15.2;
				MARKETING_VERSION = 1.0;
				PRODUCT_BUNDLE_IDENTIFIER = hu.viktorban.NEXTTests;
				PRODUCT_NAME = "$(TARGET_NAME)";
				SWIFT_EMIT_LOC_STRINGS = NO;
				SWIFT_VERSION = 5.0;
				TARGETED_DEVICE_FAMILY = "1,2";
				TEST_HOST = "$(BUILT_PRODUCTS_DIR)/NEXT.app/NEXT";
			};
			name = Release;
		};
		CD3A00EF27C5386200B5DEB8 /* Debug */ = {
			isa = XCBuildConfiguration;
			baseConfigurationReference = 4E723C435AF7DFDDF7519E76 /* Pods-NEXT-NEXTUITests.debug.xcconfig */;
			buildSettings = {
				ALWAYS_EMBED_SWIFT_STANDARD_LIBRARIES = YES;
				CODE_SIGN_STYLE = Automatic;
				CURRENT_PROJECT_VERSION = 1;
				DEVELOPMENT_TEAM = 6SP8DWFZH2;
				GENERATE_INFOPLIST_FILE = YES;
				MARKETING_VERSION = 1.0;
				PRODUCT_BUNDLE_IDENTIFIER = hu.viktorban.NEXTUITests;
				PRODUCT_NAME = "$(TARGET_NAME)";
				SWIFT_EMIT_LOC_STRINGS = NO;
				SWIFT_VERSION = 5.0;
				TARGETED_DEVICE_FAMILY = "1,2";
				TEST_TARGET_NAME = NEXT;
			};
			name = Debug;
		};
		CD3A00F027C5386200B5DEB8 /* Release */ = {
			isa = XCBuildConfiguration;
			baseConfigurationReference = F96A41D657A585CE80E475CB /* Pods-NEXT-NEXTUITests.release.xcconfig */;
			buildSettings = {
				ALWAYS_EMBED_SWIFT_STANDARD_LIBRARIES = YES;
				CODE_SIGN_STYLE = Automatic;
				CURRENT_PROJECT_VERSION = 1;
				DEVELOPMENT_TEAM = 6SP8DWFZH2;
				GENERATE_INFOPLIST_FILE = YES;
				MARKETING_VERSION = 1.0;
				PRODUCT_BUNDLE_IDENTIFIER = hu.viktorban.NEXTUITests;
				PRODUCT_NAME = "$(TARGET_NAME)";
				SWIFT_EMIT_LOC_STRINGS = NO;
				SWIFT_VERSION = 5.0;
				TARGETED_DEVICE_FAMILY = "1,2";
				TEST_TARGET_NAME = NEXT;
			};
			name = Release;
		};
/* End XCBuildConfiguration section */

/* Begin XCConfigurationList section */
		CD3A00B927C5386000B5DEB8 /* Build configuration list for PBXProject "NEXT" */ = {
			isa = XCConfigurationList;
			buildConfigurations = (
				CD3A00E627C5386200B5DEB8 /* Debug */,
				CD3A00E727C5386200B5DEB8 /* Release */,
			);
			defaultConfigurationIsVisible = 0;
			defaultConfigurationName = Release;
		};
		CD3A00E827C5386200B5DEB8 /* Build configuration list for PBXNativeTarget "NEXT" */ = {
			isa = XCConfigurationList;
			buildConfigurations = (
				CD3A00E927C5386200B5DEB8 /* Debug */,
				CD3A00EA27C5386200B5DEB8 /* Release */,
			);
			defaultConfigurationIsVisible = 0;
			defaultConfigurationName = Release;
		};
		CD3A00EB27C5386200B5DEB8 /* Build configuration list for PBXNativeTarget "NEXTTests" */ = {
			isa = XCConfigurationList;
			buildConfigurations = (
				CD3A00EC27C5386200B5DEB8 /* Debug */,
				CD3A00ED27C5386200B5DEB8 /* Release */,
			);
			defaultConfigurationIsVisible = 0;
			defaultConfigurationName = Release;
		};
		CD3A00EE27C5386200B5DEB8 /* Build configuration list for PBXNativeTarget "NEXTUITests" */ = {
			isa = XCConfigurationList;
			buildConfigurations = (
				CD3A00EF27C5386200B5DEB8 /* Debug */,
				CD3A00F027C5386200B5DEB8 /* Release */,
			);
			defaultConfigurationIsVisible = 0;
			defaultConfigurationName = Release;
		};
/* End XCConfigurationList section */
	};
	rootObject = CD3A00B627C5386000B5DEB8 /* Project object */;
}
